
Microsoft Visual Studio Solution File, Format Version 12.00
# Visual Studio 2017
Project("{FAE04EC0-301F-11D3-BF4B-00C04F79EFBC}") = "Tank Versus.Plugins", "Tank Versus.Plugins.csproj", "{BA8B49C7-1C5F-C1AB-CF34-E1C7812B0984}"
EndProject
Project("{FAE04EC0-301F-11D3-BF4B-00C04F79EFBC}") = "Tank Versus", "Tank Versus.csproj", "{068BFD64-5735-6D6A-1C28-64B6F5486A21}"
EndProject
Project("{FAE04EC0-301F-11D3-BF4B-00C04F79EFBC}") = "Tank Versus.Editor", "Tank Versus.Editor.csproj", "{D7C6F972-849E-8713-9926-8B8337703976}"
EndProject
Global
	GlobalSection(SolutionConfigurationPlatforms) = preSolution
		Debug|Any CPU = Debug|Any CPU
		Release|Any CPU = Release|Any CPU
	EndGlobalSection
	GlobalSection(ProjectConfigurationPlatforms) = postSolution
		{BA8B49C7-1C5F-C1AB-CF34-E1C7812B0984}.Debug|Any CPU.ActiveCfg = Debug|Any CPU
		{BA8B49C7-1C5F-C1AB-CF34-E1C7812B0984}.Debug|Any CPU.Build.0 = Debug|Any CPU
		{BA8B49C7-1C5F-C1AB-CF34-E1C7812B0984}.Release|Any CPU.ActiveCfg = Release|Any CPU
		{BA8B49C7-1C5F-C1AB-CF34-E1C7812B0984}.Release|Any CPU.Build.0 = Release|Any CPU
		{068BFD64-5735-6D6A-1C28-64B6F5486A21}.Debug|Any CPU.ActiveCfg = Debug|Any CPU
		{068BFD64-5735-6D6A-1C28-64B6F5486A21}.Debug|Any CPU.Build.0 = Debug|Any CPU
		{068BFD64-5735-6D6A-1C28-64B6F5486A21}.Release|Any CPU.ActiveCfg = Release|Any CPU
		{068BFD64-5735-6D6A-1C28-64B6F5486A21}.Release|Any CPU.Build.0 = Release|Any CPU
		{D7C6F972-849E-8713-9926-8B8337703976}.Debug|Any CPU.ActiveCfg = Debug|Any CPU
		{D7C6F972-849E-8713-9926-8B8337703976}.Debug|Any CPU.Build.0 = Debug|Any CPU
		{D7C6F972-849E-8713-9926-8B8337703976}.Release|Any CPU.ActiveCfg = Release|Any CPU
		{D7C6F972-849E-8713-9926-8B8337703976}.Release|Any CPU.Build.0 = Release|Any CPU
	EndGlobalSection
	GlobalSection(SolutionProperties) = preSolution
		HideSolutionNode = FALSE
	EndGlobalSection
EndGlobal
